// !$*UTF8*$!
{
	archiveVersion = 1;
	classes = {
	};
	objectVersion = 46;
	objects = {

/* Begin PBXBuildFile section */
		DB18A21D1B7BA84A00EB40AB /* main.m in Sources */ = {isa = PBXBuildFile; fileRef = DB18A21C1B7BA84A00EB40AB /* main.m */; };
		DB18A2201B7BA84A00EB40AB /* AppDelegate.m in Sources */ = {isa = PBXBuildFile; fileRef = DB18A21F1B7BA84A00EB40AB /* AppDelegate.m */; };
		DB18A2281B7BA84A00EB40AB /* Images.xcassets in Resources */ = {isa = PBXBuildFile; fileRef = DB18A2271B7BA84A00EB40AB /* Images.xcassets */; };
		DB18A22B1B7BA84A00EB40AB /* LaunchScreen.xib in Resources */ = {isa = PBXBuildFile; fileRef = DB18A2291B7BA84A00EB40AB /* LaunchScreen.xib */; };
		DB18A2371B7BA84A00EB40AB /* PairsGeneratorTests.m in Sources */ = {isa = PBXBuildFile; fileRef = DB18A2361B7BA84A00EB40AB /* PairsGeneratorTests.m */; };
		DB18A2421B7BA8BB00EB40AB /* Student.m in Sources */ = {isa = PBXBuildFile; fileRef = DB18A2411B7BA8BB00EB40AB /* Student.m */; };
		DB18A2451B7BA8CC00EB40AB /* PairsViewControllerDataSource.m in Sources */ = {isa = PBXBuildFile; fileRef = DB18A2441B7BA8CC00EB40AB /* PairsViewControllerDataSource.m */; };
		DB18A2481B7BA8D800EB40AB /* PairsController.m in Sources */ = {isa = PBXBuildFile; fileRef = DB18A2471B7BA8D800EB40AB /* PairsController.m */; };
		DB18A24B1B7BA8E500EB40AB /* Stack.m in Sources */ = {isa = PBXBuildFile; fileRef = DB18A24A1B7BA8E500EB40AB /* Stack.m */; };
		DB18A24E1B7BAE1600EB40AB /* Model.xcdatamodeld in Sources */ = {isa = PBXBuildFile; fileRef = DB18A24C1B7BAE1600EB40AB /* Model.xcdatamodeld */; };
		DB18A2501B7BB06800EB40AB /* Main.storyboard in Resources */ = {isa = PBXBuildFile; fileRef = DB18A24F1B7BB06800EB40AB /* Main.storyboard */; };
		DB18A2591B7BBB4800EB40AB /* PairsMainViewController.m in Sources */ = {isa = PBXBuildFile; fileRef = DB18A2581B7BBB4800EB40AB /* PairsMainViewController.m */; };
		DBEAC0F91B7BFC5E0083570A /* PairTableViewCell.m in Sources */ = {isa = PBXBuildFile; fileRef = DBEAC0F81B7BFC5E0083570A /* PairTableViewCell.m */; };
/* End PBXBuildFile section */

/* Begin PBXContainerItemProxy section */
		DB18A2311B7BA84A00EB40AB /* PBXContainerItemProxy */ = {
			isa = PBXContainerItemProxy;
			containerPortal = DB18A20F1B7BA84A00EB40AB /* Project object */;
			proxyType = 1;
			remoteGlobalIDString = DB18A2161B7BA84A00EB40AB;
			remoteInfo = PairsGenerator;
		};
/* End PBXContainerItemProxy section */

/* Begin PBXFileReference section */
		DB18A2171B7BA84A00EB40AB /* PairsGenerator.app */ = {isa = PBXFileReference; explicitFileType = wrapper.application; includeInIndex = 0; path = PairsGenerator.app; sourceTree = BUILT_PRODUCTS_DIR; };
		DB18A21B1B7BA84A00EB40AB /* Info.plist */ = {isa = PBXFileReference; lastKnownFileType = text.plist.xml; path = Info.plist; sourceTree = "<group>"; };
		DB18A21C1B7BA84A00EB40AB /* main.m */ = {isa = PBXFileReference; lastKnownFileType = sourcecode.c.objc; path = main.m; sourceTree = "<group>"; };
		DB18A21E1B7BA84A00EB40AB /* AppDelegate.h */ = {isa = PBXFileReference; lastKnownFileType = sourcecode.c.h; path = AppDelegate.h; sourceTree = "<group>"; };
		DB18A21F1B7BA84A00EB40AB /* AppDelegate.m */ = {isa = PBXFileReference; lastKnownFileType = sourcecode.c.objc; path = AppDelegate.m; sourceTree = "<group>"; };
		DB18A2271B7BA84A00EB40AB /* Images.xcassets */ = {isa = PBXFileReference; lastKnownFileType = folder.assetcatalog; path = Images.xcassets; sourceTree = "<group>"; };
		DB18A22A1B7BA84A00EB40AB /* Base */ = {isa = PBXFileReference; lastKnownFileType = file.xib; name = Base; path = Base.lproj/LaunchScreen.xib; sourceTree = "<group>"; };
		DB18A2301B7BA84A00EB40AB /* PairsGeneratorTests.xctest */ = {isa = PBXFileReference; explicitFileType = wrapper.cfbundle; includeInIndex = 0; path = PairsGeneratorTests.xctest; sourceTree = BUILT_PRODUCTS_DIR; };
		DB18A2351B7BA84A00EB40AB /* Info.plist */ = {isa = PBXFileReference; lastKnownFileType = text.plist.xml; path = Info.plist; sourceTree = "<group>"; };
		DB18A2361B7BA84A00EB40AB /* PairsGeneratorTests.m */ = {isa = PBXFileReference; lastKnownFileType = sourcecode.c.objc; path = PairsGeneratorTests.m; sourceTree = "<group>"; };
		DB18A2401B7BA8BB00EB40AB /* Student.h */ = {isa = PBXFileReference; fileEncoding = 4; lastKnownFileType = sourcecode.c.h; path = Student.h; sourceTree = "<group>"; };
		DB18A2411B7BA8BB00EB40AB /* Student.m */ = {isa = PBXFileReference; fileEncoding = 4; lastKnownFileType = sourcecode.c.objc; path = Student.m; sourceTree = "<group>"; };
		DB18A2431B7BA8CC00EB40AB /* PairsViewControllerDataSource.h */ = {isa = PBXFileReference; fileEncoding = 4; lastKnownFileType = sourcecode.c.h; path = PairsViewControllerDataSource.h; sourceTree = "<group>"; };
		DB18A2441B7BA8CC00EB40AB /* PairsViewControllerDataSource.m */ = {isa = PBXFileReference; fileEncoding = 4; lastKnownFileType = sourcecode.c.objc; path = PairsViewControllerDataSource.m; sourceTree = "<group>"; };
		DB18A2461B7BA8D800EB40AB /* PairsController.h */ = {isa = PBXFileReference; fileEncoding = 4; lastKnownFileType = sourcecode.c.h; path = PairsController.h; sourceTree = "<group>"; };
		DB18A2471B7BA8D800EB40AB /* PairsController.m */ = {isa = PBXFileReference; fileEncoding = 4; lastKnownFileType = sourcecode.c.objc; path = PairsController.m; sourceTree = "<group>"; };
		DB18A2491B7BA8E500EB40AB /* Stack.h */ = {isa = PBXFileReference; fileEncoding = 4; lastKnownFileType = sourcecode.c.h; path = Stack.h; sourceTree = "<group>"; };
		DB18A24A1B7BA8E500EB40AB /* Stack.m */ = {isa = PBXFileReference; fileEncoding = 4; lastKnownFileType = sourcecode.c.objc; path = Stack.m; sourceTree = "<group>"; };
		DB18A24D1B7BAE1600EB40AB /* Model.xcdatamodel */ = {isa = PBXFileReference; lastKnownFileType = wrapper.xcdatamodel; path = Model.xcdatamodel; sourceTree = "<group>"; };
		DB18A24F1B7BB06800EB40AB /* Main.storyboard */ = {isa = PBXFileReference; fileEncoding = 4; lastKnownFileType = file.storyboard; name = Main.storyboard; path = ../Main.storyboard; sourceTree = "<group>"; };
		DB18A2571B7BBB4800EB40AB /* PairsMainViewController.h */ = {isa = PBXFileReference; fileEncoding = 4; lastKnownFileType = sourcecode.c.h; path = PairsMainViewController.h; sourceTree = "<group>"; };
		DB18A2581B7BBB4800EB40AB /* PairsMainViewController.m */ = {isa = PBXFileReference; fileEncoding = 4; lastKnownFileType = sourcecode.c.objc; path = PairsMainViewController.m; sourceTree = "<group>"; };
		DBEAC0F71B7BFC5E0083570A /* PairTableViewCell.h */ = {isa = PBXFileReference; fileEncoding = 4; lastKnownFileType = sourcecode.c.h; path = PairTableViewCell.h; sourceTree = "<group>"; };
		DBEAC0F81B7BFC5E0083570A /* PairTableViewCell.m */ = {isa = PBXFileReference; fileEncoding = 4; lastKnownFileType = sourcecode.c.objc; path = PairTableViewCell.m; sourceTree = "<group>"; };
/* End PBXFileReference section */

/* Begin PBXFrameworksBuildPhase section */
		DB18A2141B7BA84A00EB40AB /* Frameworks */ = {
			isa = PBXFrameworksBuildPhase;
			buildActionMask = 2147483647;
			files = (
			);
			runOnlyForDeploymentPostprocessing = 0;
		};
		DB18A22D1B7BA84A00EB40AB /* Frameworks */ = {
			isa = PBXFrameworksBuildPhase;
			buildActionMask = 2147483647;
			files = (
			);
			runOnlyForDeploymentPostprocessing = 0;
		};
/* End PBXFrameworksBuildPhase section */

/* Begin PBXGroup section */
		DB18A20E1B7BA84A00EB40AB = {
			isa = PBXGroup;
			children = (
				DB18A2191B7BA84A00EB40AB /* PairsGenerator */,
				DB18A2331B7BA84A00EB40AB /* PairsGeneratorTests */,
				DB18A2181B7BA84A00EB40AB /* Products */,
			);
			sourceTree = "<group>";
		};
		DB18A2181B7BA84A00EB40AB /* Products */ = {
			isa = PBXGroup;
			children = (
				DB18A2171B7BA84A00EB40AB /* PairsGenerator.app */,
				DB18A2301B7BA84A00EB40AB /* PairsGeneratorTests.xctest */,
			);
			name = Products;
			sourceTree = "<group>";
		};
		DB18A2191B7BA84A00EB40AB /* PairsGenerator */ = {
			isa = PBXGroup;
			children = (
				DB18A21E1B7BA84A00EB40AB /* AppDelegate.h */,
				DB18A21F1B7BA84A00EB40AB /* AppDelegate.m */,
				DB18A2571B7BBB4800EB40AB /* PairsMainViewController.h */,
				DB18A2581B7BBB4800EB40AB /* PairsMainViewController.m */,
				DB18A2401B7BA8BB00EB40AB /* Student.h */,
				DB18A2411B7BA8BB00EB40AB /* Student.m */,
				DB18A2431B7BA8CC00EB40AB /* PairsViewControllerDataSource.h */,
				DB18A2441B7BA8CC00EB40AB /* PairsViewControllerDataSource.m */,
				DBEAC0F71B7BFC5E0083570A /* PairTableViewCell.h */,
				DBEAC0F81B7BFC5E0083570A /* PairTableViewCell.m */,
				DB18A2461B7BA8D800EB40AB /* PairsController.h */,
				DB18A2471B7BA8D800EB40AB /* PairsController.m */,
				DB18A24C1B7BAE1600EB40AB /* Model.xcdatamodeld */,
				DB18A2491B7BA8E500EB40AB /* Stack.h */,
				DB18A24A1B7BA8E500EB40AB /* Stack.m */,
				DB18A24F1B7BB06800EB40AB /* Main.storyboard */,
				DB18A2271B7BA84A00EB40AB /* Images.xcassets */,
				DB18A2291B7BA84A00EB40AB /* LaunchScreen.xib */,
				DB18A21A1B7BA84A00EB40AB /* Supporting Files */,
			);
			path = PairsGenerator;
			sourceTree = "<group>";
		};
		DB18A21A1B7BA84A00EB40AB /* Supporting Files */ = {
			isa = PBXGroup;
			children = (
				DB18A21B1B7BA84A00EB40AB /* Info.plist */,
				DB18A21C1B7BA84A00EB40AB /* main.m */,
			);
			name = "Supporting Files";
			sourceTree = "<group>";
		};
		DB18A2331B7BA84A00EB40AB /* PairsGeneratorTests */ = {
			isa = PBXGroup;
			children = (
				DB18A2361B7BA84A00EB40AB /* PairsGeneratorTests.m */,
				DB18A2341B7BA84A00EB40AB /* Supporting Files */,
			);
			path = PairsGeneratorTests;
			sourceTree = "<group>";
		};
		DB18A2341B7BA84A00EB40AB /* Supporting Files */ = {
			isa = PBXGroup;
			children = (
				DB18A2351B7BA84A00EB40AB /* Info.plist */,
			);
			name = "Supporting Files";
			sourceTree = "<group>";
		};
/* End PBXGroup section */

/* Begin PBXNativeTarget section */
		DB18A2161B7BA84A00EB40AB /* PairsGenerator */ = {
			isa = PBXNativeTarget;
			buildConfigurationList = DB18A23A1B7BA84A00EB40AB /* Build configuration list for PBXNativeTarget "PairsGenerator" */;
			buildPhases = (
				DB18A2131B7BA84A00EB40AB /* Sources */,
				DB18A2141B7BA84A00EB40AB /* Frameworks */,
				DB18A2151B7BA84A00EB40AB /* Resources */,
			);
			buildRules = (
			);
			dependencies = (
			);
			name = PairsGenerator;
			productName = PairsGenerator;
			productReference = DB18A2171B7BA84A00EB40AB /* PairsGenerator.app */;
			productType = "com.apple.product-type.application";
		};
		DB18A22F1B7BA84A00EB40AB /* PairsGeneratorTests */ = {
			isa = PBXNativeTarget;
			buildConfigurationList = DB18A23D1B7BA84A00EB40AB /* Build configuration list for PBXNativeTarget "PairsGeneratorTests" */;
			buildPhases = (
				DB18A22C1B7BA84A00EB40AB /* Sources */,
				DB18A22D1B7BA84A00EB40AB /* Frameworks */,
				DB18A22E1B7BA84A00EB40AB /* Resources */,
			);
			buildRules = (
			);
			dependencies = (
				DB18A2321B7BA84A00EB40AB /* PBXTargetDependency */,
			);
			name = PairsGeneratorTests;
			productName = PairsGeneratorTests;
			productReference = DB18A2301B7BA84A00EB40AB /* PairsGeneratorTests.xctest */;
			productType = "com.apple.product-type.bundle.unit-test";
		};
/* End PBXNativeTarget section */

/* Begin PBXProject section */
		DB18A20F1B7BA84A00EB40AB /* Project object */ = {
			isa = PBXProject;
			attributes = {
				LastUpgradeCheck = 0640;
				ORGANIZATIONNAME = "Justin Smith";
				TargetAttributes = {
					DB18A2161B7BA84A00EB40AB = {
						CreatedOnToolsVersion = 6.4;
					};
					DB18A22F1B7BA84A00EB40AB = {
						CreatedOnToolsVersion = 6.4;
						TestTargetID = DB18A2161B7BA84A00EB40AB;
					};
				};
			};
			buildConfigurationList = DB18A2121B7BA84A00EB40AB /* Build configuration list for PBXProject "PairsGenerator" */;
			compatibilityVersion = "Xcode 3.2";
			developmentRegion = English;
			hasScannedForEncodings = 0;
			knownRegions = (
				en,
				Base,
			);
			mainGroup = DB18A20E1B7BA84A00EB40AB;
			productRefGroup = DB18A2181B7BA84A00EB40AB /* Products */;
			projectDirPath = "";
			projectRoot = "";
			targets = (
				DB18A2161B7BA84A00EB40AB /* PairsGenerator */,
				DB18A22F1B7BA84A00EB40AB /* PairsGeneratorTests */,
			);
		};
/* End PBXProject section */

/* Begin PBXResourcesBuildPhase section */
		DB18A2151B7BA84A00EB40AB /* Resources */ = {
			isa = PBXResourcesBuildPhase;
			buildActionMask = 2147483647;
			files = (
				DB18A22B1B7BA84A00EB40AB /* LaunchScreen.xib in Resources */,
				DB18A2281B7BA84A00EB40AB /* Images.xcassets in Resources */,
				DB18A2501B7BB06800EB40AB /* Main.storyboard in Resources */,
			);
			runOnlyForDeploymentPostprocessing = 0;
		};
		DB18A22E1B7BA84A00EB40AB /* Resources */ = {
			isa = PBXResourcesBuildPhase;
			buildActionMask = 2147483647;
			files = (
			);
			runOnlyForDeploymentPostprocessing = 0;
		};
/* End PBXResourcesBuildPhase section */

/* Begin PBXSourcesBuildPhase section */
		DB18A2131B7BA84A00EB40AB /* Sources */ = {
			isa = PBXSourcesBuildPhase;
			buildActionMask = 2147483647;
			files = (
				DBEAC0F91B7BFC5E0083570A /* PairTableViewCell.m in Sources */,
				DB18A24B1B7BA8E500EB40AB /* Stack.m in Sources */,
				DB18A2201B7BA84A00EB40AB /* AppDelegate.m in Sources */,
				DB18A2591B7BBB4800EB40AB /* PairsMainViewController.m in Sources */,
				DB18A24E1B7BAE1600EB40AB /* Model.xcdatamodeld in Sources */,
				DB18A21D1B7BA84A00EB40AB /* main.m in Sources */,
				DB18A2421B7BA8BB00EB40AB /* Student.m in Sources */,
				DB18A2451B7BA8CC00EB40AB /* PairsViewControllerDataSource.m in Sources */,
				DB18A2481B7BA8D800EB40AB /* PairsController.m in Sources */,
			);
			runOnlyForDeploymentPostprocessing = 0;
		};
		DB18A22C1B7BA84A00EB40AB /* Sources */ = {
			isa = PBXSourcesBuildPhase;
			buildActionMask = 2147483647;
			files = (
				DB18A2371B7BA84A00EB40AB /* PairsGeneratorTests.m in Sources */,
			);
			runOnlyForDeploymentPostprocessing = 0;
		};
/* End PBXSourcesBuildPhase section */

/* Begin PBXTargetDependency section */
		DB18A2321B7BA84A00EB40AB /* PBXTargetDependency */ = {
			isa = PBXTargetDependency;
			target = DB18A2161B7BA84A00EB40AB /* PairsGenerator */;
			targetProxy = DB18A2311B7BA84A00EB40AB /* PBXContainerItemProxy */;
		};
/* End PBXTargetDependency section */

/* Begin PBXVariantGroup section */
		DB18A2291B7BA84A00EB40AB /* LaunchScreen.xib */ = {
			isa = PBXVariantGroup;
			children = (
				DB18A22A1B7BA84A00EB40AB /* Base */,
			);
			name = LaunchScreen.xib;
			sourceTree = "<group>";
		};
/* End PBXVariantGroup section */

/* Begin XCBuildConfiguration section */
		DB18A2381B7BA84A00EB40AB /* Debug */ = {
			isa = XCBuildConfiguration;
			buildSettings = {
				ALWAYS_SEARCH_USER_PATHS = NO;
				CLANG_CXX_LANGUAGE_STANDARD = "gnu++0x";
				CLANG_CXX_LIBRARY = "libc++";
				CLANG_ENABLE_MODULES = YES;
				CLANG_ENABLE_OBJC_ARC = YES;
				CLANG_WARN_BOOL_CONVERSION = YES;
				CLANG_WARN_CONSTANT_CONVERSION = YES;
				CLANG_WARN_DIRECT_OBJC_ISA_USAGE = YES_ERROR;
				CLANG_WARN_EMPTY_BODY = YES;
				CLANG_WARN_ENUM_CONVERSION = YES;
				CLANG_WARN_INT_CONVERSION = YES;
				CLANG_WARN_OBJC_ROOT_CLASS = YES_ERROR;
				CLANG_WARN_UNREACHABLE_CODE = YES;
				CLANG_WARN__DUPLICATE_METHOD_MATCH = YES;
				"CODE_SIGN_IDENTITY[sdk=iphoneos*]" = "iPhone Developer";
				COPY_PHASE_STRIP = NO;
				DEBUG_INFORMATION_FORMAT = "dwarf-with-dsym";
				ENABLE_STRICT_OBJC_MSGSEND = YES;
				GCC_C_LANGUAGE_STANDARD = gnu99;
				GCC_DYNAMIC_NO_PIC = NO;
				GCC_NO_COMMON_BLOCKS = YES;
				GCC_OPTIMIZATION_LEVEL = 0;
				GCC_PREPROCESSOR_DEFINITIONS = (
					"DEBUG=1",
					"$(inherited)",
				);
				GCC_SYMBOLS_PRIVATE_EXTERN = NO;
				GCC_WARN_64_TO_32_BIT_CONVERSION = YES;
				GCC_WARN_ABOUT_RETURN_TYPE = YES_ERROR;
				GCC_WARN_UNDECLARED_SELECTOR = YES;
				GCC_WARN_UNINITIALIZED_AUTOS = YES_AGGRESSIVE;
				GCC_WARN_UNUSED_FUNCTION = YES;
				GCC_WARN_UNUSED_VARIABLE = YES;
				IPHONEOS_DEPLOYMENT_TARGET = 8.4;
				MTL_ENABLE_DEBUG_INFO = YES;
				ONLY_ACTIVE_ARCH = YES;
				SDKROOT = iphoneos;
			};
			name = Debug;
		};
		DB18A2391B7BA84A00EB40AB /* Release */ = {
			isa = XCBuildConfiguration;
			buildSettings = {
				ALWAYS_SEARCH_USER_PATHS = NO;
				CLANG_CXX_LANGUAGE_STANDARD = "gnu++0x";
				CLANG_CXX_LIBRARY = "libc++";
				CLANG_ENABLE_MODULES = YES;
				CLANG_ENABLE_OBJC_ARC = YES;
				CLANG_WARN_BOOL_CONVERSION = YES;
				CLANG_WARN_CONSTANT_CONVERSION = YES;
				CLANG_WARN_DIRECT_OBJC_ISA_USAGE = YES_ERROR;
				CLANG_WARN_EMPTY_BODY = YES;
				CLANG_WARN_ENUM_CONVERSION = YES;
				CLANG_WARN_INT_CONVERSION = YES;
				CLANG_WARN_OBJC_ROOT_CLASS = YES_ERROR;
				CLANG_WARN_UNREACHABLE_CODE = YES;
				CLANG_WARN__DUPLICATE_METHOD_MATCH = YES;
				"CODE_SIGN_IDENTITY[sdk=iphoneos*]" = "iPhone Developer";
				COPY_PHASE_STRIP = NO;
				DEBUG_INFORMATION_FORMAT = "dwarf-with-dsym";
				ENABLE_NS_ASSERTIONS = NO;
				ENABLE_STRICT_OBJC_MSGSEND = YES;
				GCC_C_LANGUAGE_STANDARD = gnu99;
				GCC_NO_COMMON_BLOCKS = YES;
				GCC_WARN_64_TO_32_BIT_CONVERSION = YES;
				GCC_WARN_ABOUT_RETURN_TYPE = YES_ERROR;
				GCC_WARN_UNDECLARED_SELECTOR = YES;
				GCC_WARN_UNINITIALIZED_AUTOS = YES_AGGRESSIVE;
				GCC_WARN_UNUSED_FUNCTION = YES;
				GCC_WARN_UNUSED_VARIABLE = YES;
				IPHONEOS_DEPLOYMENT_TARGET = 8.4;
				MTL_ENABLE_DEBUG_INFO = NO;
				SDKROOT = iphoneos;
				VALIDATE_PRODUCT = YES;
			};
			name = Release;
		};
		DB18A23B1B7BA84A00EB40AB /* Debug */ = {
			isa = XCBuildConfiguration;
			buildSettings = {
				ASSETCATALOG_COMPILER_APPICON_NAME = AppIcon;
				INFOPLIST_FILE = PairsGenerator/Info.plist;
				LD_RUNPATH_SEARCH_PATHS = "$(inherited) @executable_path/Frameworks";
				PRODUCT_NAME = "$(TARGET_NAME)";
			};
			name = Debug;
		};
		DB18A23C1B7BA84A00EB40AB /* Release */ = {
			isa = XCBuildConfiguration;
			buildSettings = {
				ASSETCATALOG_COMPILER_APPICON_NAME = AppIcon;
				INFOPLIST_FILE = PairsGenerator/Info.plist;
				LD_RUNPATH_SEARCH_PATHS = "$(inherited) @executable_path/Frameworks";
				PRODUCT_NAME = "$(TARGET_NAME)";
			};
			name = Release;
		};
		DB18A23E1B7BA84A00EB40AB /* Debug */ = {
			isa = XCBuildConfiguration;
			buildSettings = {
				BUNDLE_LOADER = "$(TEST_HOST)";
				FRAMEWORK_SEARCH_PATHS = (
					"$(SDKROOT)/Developer/Library/Frameworks",
					"$(inherited)",
				);
				GCC_PREPROCESSOR_DEFINITIONS = (
					"DEBUG=1",
					"$(inherited)",
				);
				INFOPLIST_FILE = PairsGeneratorTests/Info.plist;
				LD_RUNPATH_SEARCH_PATHS = "$(inherited) @executable_path/Frameworks @loader_path/Frameworks";
				PRODUCT_NAME = "$(TARGET_NAME)";
				TEST_HOST = "$(BUILT_PRODUCTS_DIR)/PairsGenerator.app/PairsGenerator";
			};
			name = Debug;
		};
		DB18A23F1B7BA84A00EB40AB /* Release */ = {
			isa = XCBuildConfiguration;
			buildSettings = {
				BUNDLE_LOADER = "$(TEST_HOST)";
				FRAMEWORK_SEARCH_PATHS = (
					"$(SDKROOT)/Developer/Library/Frameworks",
					"$(inherited)",
				);
				INFOPLIST_FILE = PairsGeneratorTests/Info.plist;
				LD_RUNPATH_SEARCH_PATHS = "$(inherited) @executable_path/Frameworks @loader_path/Frameworks";
				PRODUCT_NAME = "$(TARGET_NAME)";
				TEST_HOST = "$(BUILT_PRODUCTS_DIR)/PairsGenerator.app/PairsGenerator";
			};
			name = Release;
		};
/* End XCBuildConfiguration section */

/* Begin XCConfigurationList section */
		DB18A2121B7BA84A00EB40AB /* Build configuration list for PBXProject "PairsGenerator" */ = {
			isa = XCConfigurationList;
			buildConfigurations = (
				DB18A2381B7BA84A00EB40AB /* Debug */,
				DB18A2391B7BA84A00EB40AB /* Release */,
			);
			defaultConfigurationIsVisible = 0;
			defaultConfigurationName = Release;
		};
		DB18A23A1B7BA84A00EB40AB /* Build configuration list for PBXNativeTarget "PairsGenerator" */ = {
			isa = XCConfigurationList;
			buildConfigurations = (
				DB18A23B1B7BA84A00EB40AB /* Debug */,
				DB18A23C1B7BA84A00EB40AB /* Release */,
			);
			defaultConfigurationIsVisible = 0;
			defaultConfigurationName = Release;
		};
		DB18A23D1B7BA84A00EB40AB /* Build configuration list for PBXNativeTarget "PairsGeneratorTests" */ = {
			isa = XCConfigurationList;
			buildConfigurations = (
				DB18A23E1B7BA84A00EB40AB /* Debug */,
				DB18A23F1B7BA84A00EB40AB /* Release */,
			);
			defaultConfigurationIsVisible = 0;
			defaultConfigurationName = Release;
		};
/* End XCConfigurationList section */

/* Begin XCVersionGroup section */
		DB18A24C1B7BAE1600EB40AB /* Model.xcdatamodeld */ = {
			isa = XCVersionGroup;
			children = (
				DB18A24D1B7BAE1600EB40AB /* Model.xcdatamodel */,
			);
			currentVersion = DB18A24D1B7BAE1600EB40AB /* Model.xcdatamodel */;
			path = Model.xcdatamodeld;
			sourceTree = "<group>";
			versionGroupType = wrapper.xcdatamodel;
		};
/* End XCVersionGroup section */
	};
	rootObject = DB18A20F1B7BA84A00EB40AB /* Project object */;
}
